
Microsoft Visual Studio Solution File, Format Version 12.00
# Visual Studio Version 17
VisualStudioVersion = 17.0.32014.148
MinimumVisualStudioVersion = 10.0.40219.1
Project("{9A19103F-16F7-4668-BE54-9A1E7A4F7556}") = "CrossProject1", "CrossProject1\CrossProject1.csproj", "{89A2492B-93ED-44CA-934E-A1EF7EDBBEC7}"
EndProject
Project("{FAE04EC0-301F-11D3-BF4B-00C04F79EFBC}") = "ANotherApp", "ANotherApp\ANotherApp.csproj", "{9731E62F-E111-4CDB-9AF4-2D5854C750EE}"
EndProject
Global
	GlobalSection(SolutionConfigurationPlatforms) = preSolution
		Debug|Any CPU = Debug|Any CPU
		Release|Any CPU = Release|Any CPU
	EndGlobalSection
	GlobalSection(ProjectConfigurationPlatforms) = postSolution
		{89A2492B-93ED-44CA-934E-A1EF7EDBBEC7}.Debug|Any CPU.ActiveCfg = Debug|Any CPU
		{89A2492B-93ED-44CA-934E-A1EF7EDBBEC7}.Debug|Any CPU.Build.0 = Debug|Any CPU
		{89A2492B-93ED-44CA-934E-A1EF7EDBBEC7}.Release|Any CPU.ActiveCfg = Release|Any CPU
		{89A2492B-93ED-44CA-934E-A1EF7EDBBEC7}.Release|Any CPU.Build.0 = Release|Any CPU
		{9731E62F-E111-4CDB-9AF4-2D5854C750EE}.Debug|Any CPU.ActiveCfg = Debug|Any CPU
		{9731E62F-E111-4CDB-9AF4-2D5854C750EE}.Debug|Any CPU.Build.0 = Debug|Any CPU
		{9731E62F-E111-4CDB-9AF4-2D5854C750EE}.Release|Any CPU.ActiveCfg = Release|Any CPU
		{9731E62F-E111-4CDB-9AF4-2D5854C750EE}.Release|Any CPU.Build.0 = Release|Any CPU
	EndGlobalSection
	GlobalSection(SolutionProperties) = preSolution
		HideSolutionNode = FALSE
	EndGlobalSection
	GlobalSection(ExtensibilityGlobals) = postSolution
		SolutionGuid = {BF8939A6-38AC-4F75-8A5B-72ABD8FA0BDC}
	EndGlobalSection
EndGlobal
